// !$*UTF8*$!
{
	archiveVersion = 1;
	classes = {
	};
	objectVersion = 46;
	objects = {

/* Begin PBXBuildFile section */
		76DEF4CA1C8C79C300A09510 /* main.m in Sources */ = {isa = PBXBuildFile; fileRef = 76DEF4C91C8C79C300A09510 /* main.m */; };
		76DEF4CD1C8C79C300A09510 /* AppDelegate.m in Sources */ = {isa = PBXBuildFile; fileRef = 76DEF4CC1C8C79C300A09510 /* AppDelegate.m */; };
		76DEF4D01C8C79C300A09510 /* ViewController.m in Sources */ = {isa = PBXBuildFile; fileRef = 76DEF4CF1C8C79C300A09510 /* ViewController.m */; };
		76DEF4D31C8C79C300A09510 /* Main.storyboard in Resources */ = {isa = PBXBuildFile; fileRef = 76DEF4D11C8C79C300A09510 /* Main.storyboard */; };
		76DEF4D51C8C79C300A09510 /* Assets.xcassets in Resources */ = {isa = PBXBuildFile; fileRef = 76DEF4D41C8C79C300A09510 /* Assets.xcassets */; };
		76DEF4D81C8C79C300A09510 /* LaunchScreen.storyboard in Resources */ = {isa = PBXBuildFile; fileRef = 76DEF4D61C8C79C300A09510 /* LaunchScreen.storyboard */; };
/* End PBXBuildFile section */

/* Begin PBXFileReference section */
		76DEF4C51C8C79C300A09510 /* KnowledgeTest.app */ = {isa = PBXFileReference; explicitFileType = wrapper.application; includeInIndex = 0; path = KnowledgeTest.app; sourceTree = BUILT_PRODUCTS_DIR; };
		76DEF4C91C8C79C300A09510 /* main.m */ = {isa = PBXFileReference; lastKnownFileType = sourcecode.c.objc; path = main.m; sourceTree = "<group>"; };
		76DEF4CB1C8C79C300A09510 /* AppDelegate.h */ = {isa = PBXFileReference; lastKnownFileType = sourcecode.c.h; path = AppDelegate.h; sourceTree = "<group>"; };
		76DEF4CC1C8C79C300A09510 /* AppDelegate.m */ = {isa = PBXFileReference; lastKnownFileType = sourcecode.c.objc; path = AppDelegate.m; sourceTree = "<group>"; };
		76DEF4CE1C8C79C300A09510 /* ViewController.h */ = {isa = PBXFileReference; lastKnownFileType = sourcecode.c.h; path = ViewController.h; sourceTree = "<group>"; };
		76DEF4CF1C8C79C300A09510 /* ViewController.m */ = {isa = PBXFileReference; lastKnownFileType = sourcecode.c.objc; path = ViewController.m; sourceTree = "<group>"; };
		76DEF4D21C8C79C300A09510 /* Base */ = {isa = PBXFileReference; lastKnownFileType = file.storyboard; name = Base; path = Base.lproj/Main.storyboard; sourceTree = "<group>"; };
		76DEF4D41C8C79C300A09510 /* Assets.xcassets */ = {isa = PBXFileReference; lastKnownFileType = folder.assetcatalog; path = Assets.xcassets; sourceTree = "<group>"; };
		76DEF4D71C8C79C300A09510 /* Base */ = {isa = PBXFileReference; lastKnownFileType = file.storyboard; name = Base; path = Base.lproj/LaunchScreen.storyboard; sourceTree = "<group>"; };
		76DEF4D91C8C79C300A09510 /* Info.plist */ = {isa = PBXFileReference; lastKnownFileType = text.plist.xml; path = Info.plist; sourceTree = "<group>"; };
/* End PBXFileReference section */

/* Begin PBXFrameworksBuildPhase section */
		76DEF4C21C8C79C300A09510 /* Frameworks */ = {
			isa = PBXFrameworksBuildPhase;
			buildActionMask = 2147483647;
			files = (
			);
			runOnlyForDeploymentPostprocessing = 0;
		};
/* End PBXFrameworksBuildPhase section */

/* Begin PBXGroup section */
		76DEF4BC1C8C79C300A09510 = {
			isa = PBXGroup;
			children = (
				76DEF4C71C8C79C300A09510 /* KnowledgeTest */,
				76DEF4C61C8C79C300A09510 /* Products */,
			);
			sourceTree = "<group>";
		};
		76DEF4C61C8C79C300A09510 /* Products */ = {
			isa = PBXGroup;
			children = (
				76DEF4C51C8C79C300A09510 /* KnowledgeTest.app */,
			);
			name = Products;
			sourceTree = "<group>";
		};
		76DEF4C71C8C79C300A09510 /* KnowledgeTest */ = {
			isa = PBXGroup;
			children = (
				76DEF4CB1C8C79C300A09510 /* AppDelegate.h */,
				76DEF4CC1C8C79C300A09510 /* AppDelegate.m */,
				76DEF4CE1C8C79C300A09510 /* ViewController.h */,
				76DEF4CF1C8C79C300A09510 /* ViewController.m */,
				76DEF4D11C8C79C300A09510 /* Main.storyboard */,
				76DEF4D41C8C79C300A09510 /* Assets.xcassets */,
				76DEF4D61C8C79C300A09510 /* LaunchScreen.storyboard */,
				76DEF4D91C8C79C300A09510 /* Info.plist */,
				76DEF4C81C8C79C300A09510 /* Supporting Files */,
			);
			path = KnowledgeTest;
			sourceTree = "<group>";
		};
		76DEF4C81C8C79C300A09510 /* Supporting Files */ = {
			isa = PBXGroup;
			children = (
				76DEF4C91C8C79C300A09510 /* main.m */,
			);
			name = "Supporting Files";
			sourceTree = "<group>";
		};
/* End PBXGroup section */

/* Begin PBXNativeTarget section */
		76DEF4C41C8C79C300A09510 /* KnowledgeTest */ = {
			isa = PBXNativeTarget;
			buildConfigurationList = 76DEF4DC1C8C79C300A09510 /* Build configuration list for PBXNativeTarget "KnowledgeTest" */;
			buildPhases = (
				76DEF4C11C8C79C300A09510 /* Sources */,
				76DEF4C21C8C79C300A09510 /* Frameworks */,
				76DEF4C31C8C79C300A09510 /* Resources */,
			);
			buildRules = (
			);
			dependencies = (
			);
			name = KnowledgeTest;
			productName = KnowledgeTest;
			productReference = 76DEF4C51C8C79C300A09510 /* KnowledgeTest.app */;
			productType = "com.apple.product-type.application";
		};
/* End PBXNativeTarget section */

/* Begin PBXProject section */
		76DEF4BD1C8C79C300A09510 /* Project object */ = {
			isa = PBXProject;
			attributes = {
				LastUpgradeCheck = 0700;
				ORGANIZATIONNAME = ShengQiang;
				TargetAttributes = {
					76DEF4C41C8C79C300A09510 = {
						CreatedOnToolsVersion = 7.0;
						DevelopmentTeam = 43Y5NG38BR;
					};
				};
			};
			buildConfigurationList = 76DEF4C01C8C79C300A09510 /* Build configuration list for PBXProject "KnowledgeTest" */;
			compatibilityVersion = "Xcode 3.2";
			developmentRegion = English;
			hasScannedForEncodings = 0;
			knownRegions = (
				en,
				Base,
			);
			mainGroup = 76DEF4BC1C8C79C300A09510;
			productRefGroup = 76DEF4C61C8C79C300A09510 /* Products */;
			projectDirPath = "";
			projectRoot = "";
			targets = (
				76DEF4C41C8C79C300A09510 /* KnowledgeTest */,
			);
		};
/* End PBXProject section */

/* Begin PBXResourcesBuildPhase section */
		76DEF4C31C8C79C300A09510 /* Resources */ = {
			isa = PBXResourcesBuildPhase;
			buildActionMask = 2147483647;
			files = (
				76DEF4D81C8C79C300A09510 /* LaunchScreen.storyboard in Resources */,
				76DEF4D51C8C79C300A09510 /* Assets.xcassets in Resources */,
				76DEF4D31C8C79C300A09510 /* Main.storyboard in Resources */,
			);
			runOnlyForDeploymentPostprocessing = 0;
		};
/* End PBXResourcesBuildPhase section */

/* Begin PBXSourcesBuildPhase section */
		76DEF4C11C8C79C300A09510 /* Sources */ = {
			isa = PBXSourcesBuildPhase;
			buildActionMask = 2147483647;
			files = (
				76DEF4D01C8C79C300A09510 /* ViewController.m in Sources */,
				76DEF4CD1C8C79C300A09510 /* AppDelegate.m in Sources */,
				76DEF4CA1C8C79C300A09510 /* main.m in Sources */,
			);
			runOnlyForDeploymentPostprocessing = 0;
		};
/* End PBXSourcesBuildPhase section */

/* Begin PBXVariantGroup section */
		76DEF4D11C8C79C300A09510 /* Main.storyboard */ = {
			isa = PBXVariantGroup;
			children = (
				76DEF4D21C8C79C300A09510 /* Base */,
			);
			name = Main.storyboard;
			sourceTree = "<group>";
		};
		76DEF4D61C8C79C300A09510 /* LaunchScreen.storyboard */ = {
			isa = PBXVariantGroup;
			children = (
				76DEF4D71C8C79C300A09510 /* Base */,
			);
			name = LaunchScreen.storyboard;
			sourceTree = "<group>";
		};
/* End PBXVariantGroup section */

/* Begin XCBuildConfiguration section */
		76DEF4DA1C8C79C300A09510 /* Debug */ = {
			isa = XCBuildConfiguration;
			buildSettings = {
				ALWAYS_SEARCH_USER_PATHS = NO;
				CLANG_CXX_LANGUAGE_STANDARD = "gnu++0x";
				CLANG_CXX_LIBRARY = "libc++";
				CLANG_ENABLE_MODULES = YES;
				CLANG_ENABLE_OBJC_ARC = YES;
				CLANG_WARN_BOOL_CONVERSION = YES;
				CLANG_WARN_CONSTANT_CONVERSION = YES;
				CLANG_WARN_DIRECT_OBJC_ISA_USAGE = YES_ERROR;
				CLANG_WARN_EMPTY_BODY = YES;
				CLANG_WARN_ENUM_CONVERSION = YES;
				CLANG_WARN_INT_CONVERSION = YES;
				CLANG_WARN_OBJC_ROOT_CLASS = YES_ERROR;
				CLANG_WARN_UNREACHABLE_CODE = YES;
				CLANG_WARN__DUPLICATE_METHOD_MATCH = YES;
				"CODE_SIGN_IDENTITY[sdk=iphoneos*]" = "iPhone Developer";
				COPY_PHASE_STRIP = NO;
				DEBUG_INFORMATION_FORMAT = dwarf;
				ENABLE_STRICT_OBJC_MSGSEND = YES;
				ENABLE_TESTABILITY = YES;
				GCC_C_LANGUAGE_STANDARD = gnu99;
				GCC_DYNAMIC_NO_PIC = NO;
				GCC_NO_COMMON_BLOCKS = YES;
				GCC_OPTIMIZATION_LEVEL = 0;
				GCC_PREPROCESSOR_DEFINITIONS = (
					"DEBUG=1",
					"$(inherited)",
				);
				GCC_WARN_64_TO_32_BIT_CONVERSION = YES;
				GCC_WARN_ABOUT_RETURN_TYPE = YES_ERROR;
				GCC_WARN_UNDECLARED_SELECTOR = YES;
				GCC_WARN_UNINITIALIZED_AUTOS = YES_AGGRESSIVE;
				GCC_WARN_UNUSED_FUNCTION = YES;
				GCC_WARN_UNUSED_VARIABLE = YES;
				IPHONEOS_DEPLOYMENT_TARGET = 9.0;
				MTL_ENABLE_DEBUG_INFO = YES;
				ONLY_ACTIVE_ARCH = YES;
				SDKROOT = iphoneos;
			};
			name = Debug;
		};
		76DEF4DB1C8C79C300A09510 /* Release */ = {
			isa = XCBuildConfiguration;
			buildSettings = {
				ALWAYS_SEARCH_USER_PATHS = NO;
				CLANG_CXX_LANGUAGE_STANDARD = "gnu++0x";
				CLANG_CXX_LIBRARY = "libc++";
				CLANG_ENABLE_MODULES = YES;
				CLANG_ENABLE_OBJC_ARC = YES;
				CLANG_WARN_BOOL_CONVERSION = YES;
				CLANG_WARN_CONSTANT_CONVERSION = YES;
				CLANG_WARN_DIRECT_OBJC_ISA_USAGE = YES_ERROR;
				CLANG_WARN_EMPTY_BODY = YES;
				CLANG_WARN_ENUM_CONVERSION = YES;
				CLANG_WARN_INT_CONVERSION = YES;
				CLANG_WARN_OBJC_ROOT_CLASS = YES_ERROR;
				CLANG_WARN_UNREACHABLE_CODE = YES;
				CLANG_WARN__DUPLICATE_METHOD_MATCH = YES;
				"CODE_SIGN_IDENTITY[sdk=iphoneos*]" = "iPhone Developer";
				COPY_PHASE_STRIP = NO;
				DEBUG_INFORMATION_FORMAT = "dwarf-with-dsym";
				ENABLE_NS_ASSERTIONS = NO;
				ENABLE_STRICT_OBJC_MSGSEND = YES;
				GCC_C_LANGUAGE_STANDARD = gnu99;
				GCC_NO_COMMON_BLOCKS = YES;
				GCC_WARN_64_TO_32_BIT_CONVERSION = YES;
				GCC_WARN_ABOUT_RETURN_TYPE = YES_ERROR;
				GCC_WARN_UNDECLARED_SELECTOR = YES;
				GCC_WARN_UNINITIALIZED_AUTOS = YES_AGGRESSIVE;
				GCC_WARN_UNUSED_FUNCTION = YES;
				GCC_WARN_UNUSED_VARIABLE = YES;
				IPHONEOS_DEPLOYMENT_TARGET = 9.0;
				MTL_ENABLE_DEBUG_INFO = NO;
				SDKROOT = iphoneos;
				VALIDATE_PRODUCT = YES;
			};
			name = Release;
		};
		76DEF4DD1C8C79C300A09510 /* Debug */ = {
			isa = XCBuildConfiguration;
			buildSettings = {
				ASSETCATALOG_COMPILER_APPICON_NAME = AppIcon;
				INFOPLIST_FILE = KnowledgeTest/Info.plist;
				LD_RUNPATH_SEARCH_PATHS = "$(inherited) @executable_path/Frameworks";
				PRODUCT_BUNDLE_IDENTIFIER = www.shengqiang.com.KnowledgeTest;
				PRODUCT_NAME = "$(TARGET_NAME)";
			};
			name = Debug;
		};
		76DEF4DE1C8C79C300A09510 /* Release */ = {
			isa = XCBuildConfiguration;
			buildSettings = {
				ASSETCATALOG_COMPILER_APPICON_NAME = AppIcon;
				INFOPLIST_FILE = KnowledgeTest/Info.plist;
				LD_RUNPATH_SEARCH_PATHS = "$(inherited) @executable_path/Frameworks";
				PRODUCT_BUNDLE_IDENTIFIER = www.shengqiang.com.KnowledgeTest;
				PRODUCT_NAME = "$(TARGET_NAME)";
			};
			name = Release;
		};
/* End XCBuildConfiguration section */

/* Begin XCConfigurationList section */
		76DEF4C01C8C79C300A09510 /* Build configuration list for PBXProject "KnowledgeTest" */ = {
			isa = XCConfigurationList;
			buildConfigurations = (
				76DEF4DA1C8C79C300A09510 /* Debug */,
				76DEF4DB1C8C79C300A09510 /* Release */,
			);
			defaultConfigurationIsVisible = 0;
			defaultConfigurationName = Release;
		};
		76DEF4DC1C8C79C300A09510 /* Build configuration list for PBXNativeTarget "KnowledgeTest" */ = {
			isa = XCConfigurationList;
			buildConfigurations = (
				76DEF4DD1C8C79C300A09510 /* Debug */,
				76DEF4DE1C8C79C300A09510 /* Release */,
			);
			defaultConfigurationIsVisible = 0;
		};
/* End XCConfigurationList section */
	};
	rootObject = 76DEF4BD1C8C79C300A09510 /* Project object */;
}
